
Microsoft Visual Studio Solution File, Format Version 12.00
# Visual Studio Version 17
VisualStudioVersion = 17.0.32126.317
MinimumVisualStudioVersion = 10.0.40219.1
Project("{9A19103F-16F7-4668-BE54-9A1E7A4F7556}") = "Gruppe1_Assignment_1_F22", "Gruppe1_Assignment_1_F22\Gruppe1_Assignment_1_F22.csproj", "{821A2307-AF05-49BB-AB67-A611019591F0}"
EndProject
Global
	GlobalSection(SolutionConfigurationPlatforms) = preSolution
		Debug|Any CPU = Debug|Any CPU
		Release|Any CPU = Release|Any CPU
	EndGlobalSection
	GlobalSection(ProjectConfigurationPlatforms) = postSolution
		{821A2307-AF05-49BB-AB67-A611019591F0}.Debug|Any CPU.ActiveCfg = Debug|Any CPU
		{821A2307-AF05-49BB-AB67-A611019591F0}.Debug|Any CPU.Build.0 = Debug|Any CPU
		{821A2307-AF05-49BB-AB67-A611019591F0}.Release|Any CPU.ActiveCfg = Release|Any CPU
		{821A2307-AF05-49BB-AB67-A611019591F0}.Release|Any CPU.Build.0 = Release|Any CPU
	EndGlobalSection
	GlobalSection(SolutionProperties) = preSolution
		HideSolutionNode = FALSE
	EndGlobalSection
	GlobalSection(ExtensibilityGlobals) = postSolution
		SolutionGuid = {A3D08EBB-F7A9-4591-9F4E-C4B0C1A88F7F}
	EndGlobalSection
EndGlobal
